
Microsoft Visual Studio Solution File, Format Version 12.00
# Visual Studio 15
VisualStudioVersion = 15.0.27130.2010
MinimumVisualStudioVersion = 10.0.40219.1
Project("{FAE04EC0-301F-11D3-BF4B-00C04F79EFBC}") = "EntityFrameworkUnitTestsMock", "EntityFrameworkUnitTestsMock\EntityFrameworkUnitTestsMock.csproj", "{FE3ADB91-D29D-4B4D-854E-1D0D4A91827E}"
EndProject
Project("{FAE04EC0-301F-11D3-BF4B-00C04F79EFBC}") = "Tests", "Tests\Tests.csproj", "{E475DAFF-46C9-4ABA-9BA2-EEC51E0A6703}"
EndProject
Global
	GlobalSection(SolutionConfigurationPlatforms) = preSolution
		Debug|Any CPU = Debug|Any CPU
		Release|Any CPU = Release|Any CPU
	EndGlobalSection
	GlobalSection(ProjectConfigurationPlatforms) = postSolution
		{FE3ADB91-D29D-4B4D-854E-1D0D4A91827E}.Debug|Any CPU.ActiveCfg = Debug|Any CPU
		{FE3ADB91-D29D-4B4D-854E-1D0D4A91827E}.Debug|Any CPU.Build.0 = Debug|Any CPU
		{FE3ADB91-D29D-4B4D-854E-1D0D4A91827E}.Release|Any CPU.ActiveCfg = Release|Any CPU
		{FE3ADB91-D29D-4B4D-854E-1D0D4A91827E}.Release|Any CPU.Build.0 = Release|Any CPU
		{E475DAFF-46C9-4ABA-9BA2-EEC51E0A6703}.Debug|Any CPU.ActiveCfg = Debug|Any CPU
		{E475DAFF-46C9-4ABA-9BA2-EEC51E0A6703}.Debug|Any CPU.Build.0 = Debug|Any CPU
		{E475DAFF-46C9-4ABA-9BA2-EEC51E0A6703}.Release|Any CPU.ActiveCfg = Release|Any CPU
		{E475DAFF-46C9-4ABA-9BA2-EEC51E0A6703}.Release|Any CPU.Build.0 = Release|Any CPU
	EndGlobalSection
	GlobalSection(SolutionProperties) = preSolution
		HideSolutionNode = FALSE
	EndGlobalSection
	GlobalSection(ExtensibilityGlobals) = postSolution
		SolutionGuid = {1EDE8CF8-6298-4F84-8C1A-B704D81569EE}
	EndGlobalSection
EndGlobal
